// !$*UTF8*$!
{
	archiveVersion = 1;
	classes = {
	};
	objectVersion = 48;
	objects = {

/* Begin PBXBuildFile section */
		190CEEB11FF2C40A00C84447 /* AvatarPickerVC.swift in Sources */ = {isa = PBXBuildFile; fileRef = 190CEEB01FF2C40A00C84447 /* AvatarPickerVC.swift */; };
		190CEEB31FF2C4B700C84447 /* AvatarCell.swift in Sources */ = {isa = PBXBuildFile; fileRef = 190CEEB21FF2C4B700C84447 /* AvatarCell.swift */; };
		190CEEB51FF2D8A200C84447 /* CricleImage.swift in Sources */ = {isa = PBXBuildFile; fileRef = 190CEEB41FF2D8A200C84447 /* CricleImage.swift */; };
		19135A381FF658A5002FD684 /* AddChannelVC.swift in Sources */ = {isa = PBXBuildFile; fileRef = 19135A361FF658A5002FD684 /* AddChannelVC.swift */; };
		19135A391FF658A5002FD684 /* AddChannelVC.xib in Resources */ = {isa = PBXBuildFile; fileRef = 19135A371FF658A5002FD684 /* AddChannelVC.xib */; };
		19135A3B1FF66B14002FD684 /* SocketService.swift in Sources */ = {isa = PBXBuildFile; fileRef = 19135A3A1FF66B14002FD684 /* SocketService.swift */; };
		194312632003E553003C5A09 /* KeyboardBoundView.swift in Sources */ = {isa = PBXBuildFile; fileRef = 194312622003E553003C5A09 /* KeyboardBoundView.swift */; };
		194312672003F832003C5A09 /* MessageCell.swift in Sources */ = {isa = PBXBuildFile; fileRef = 194312662003F832003C5A09 /* MessageCell.swift */; };
		19671BB71FF4240600ABFC84 /* ProfileVC.swift in Sources */ = {isa = PBXBuildFile; fileRef = 19671BB51FF4240600ABFC84 /* ProfileVC.swift */; };
		19671BB81FF4240600ABFC84 /* ProfileVC.xib in Resources */ = {isa = PBXBuildFile; fileRef = 19671BB61FF4240600ABFC84 /* ProfileVC.xib */; };
		197318E91FF59B6500C9B84D /* MessageService.swift in Sources */ = {isa = PBXBuildFile; fileRef = 197318E81FF59B6500C9B84D /* MessageService.swift */; };
		197318EB1FF59BC700C9B84D /* Channel.swift in Sources */ = {isa = PBXBuildFile; fileRef = 197318EA1FF59BC700C9B84D /* Channel.swift */; };
		197318ED1FF5A2B100C9B84D /* ChannelCell.swift in Sources */ = {isa = PBXBuildFile; fileRef = 197318EC1FF5A2B100C9B84D /* ChannelCell.swift */; };
		19925A631FF1651000F8D5D0 /* AuthService.swift in Sources */ = {isa = PBXBuildFile; fileRef = 19925A621FF1651000F8D5D0 /* AuthService.swift */; };
		19925A651FF1702500F8D5D0 /* RoundedButton.swift in Sources */ = {isa = PBXBuildFile; fileRef = 19925A641FF1702500F8D5D0 /* RoundedButton.swift */; };
		19925A6A1FF17E0E00F8D5D0 /* UserDataService.swift in Sources */ = {isa = PBXBuildFile; fileRef = 19925A691FF17E0E00F8D5D0 /* UserDataService.swift */; };
		199E2C581FFA9941005CC3D1 /* Message.swift in Sources */ = {isa = PBXBuildFile; fileRef = 199E2C571FFA9941005CC3D1 /* Message.swift */; };
		19A6E6181FF052B900DAF9BF /* GradientView.swift in Sources */ = {isa = PBXBuildFile; fileRef = 19A6E6171FF052B900DAF9BF /* GradientView.swift */; };
		19A6E61B1FF0589C00DAF9BF /* Constants.swift in Sources */ = {isa = PBXBuildFile; fileRef = 19A6E61A1FF0589C00DAF9BF /* Constants.swift */; };
		19A6E61D1FF05CE500DAF9BF /* LoginVC.swift in Sources */ = {isa = PBXBuildFile; fileRef = 19A6E61C1FF05CE500DAF9BF /* LoginVC.swift */; };
		19A6E61F1FF05E2200DAF9BF /* CreateAccountVC.swift in Sources */ = {isa = PBXBuildFile; fileRef = 19A6E61E1FF05E2200DAF9BF /* CreateAccountVC.swift */; };
		19CBB9A61FF046F0002DCEA1 /* AppDelegate.swift in Sources */ = {isa = PBXBuildFile; fileRef = 19CBB9A51FF046F0002DCEA1 /* AppDelegate.swift */; };
		19CBB9AB1FF046F1002DCEA1 /* Main.storyboard in Resources */ = {isa = PBXBuildFile; fileRef = 19CBB9A91FF046F1002DCEA1 /* Main.storyboard */; };
		19CBB9AD1FF046F1002DCEA1 /* Assets.xcassets in Resources */ = {isa = PBXBuildFile; fileRef = 19CBB9AC1FF046F1002DCEA1 /* Assets.xcassets */; };
		19CBB9B01FF046F1002DCEA1 /* LaunchScreen.storyboard in Resources */ = {isa = PBXBuildFile; fileRef = 19CBB9AE1FF046F1002DCEA1 /* LaunchScreen.storyboard */; };
		19CBB9BB1FF04C9C002DCEA1 /* SWRevealViewController.m in Sources */ = {isa = PBXBuildFile; fileRef = 19CBB9BA1FF04C9C002DCEA1 /* SWRevealViewController.m */; };
		19CBB9C01FF04D4D002DCEA1 /* ChannelVC.swift in Sources */ = {isa = PBXBuildFile; fileRef = 19CBB9BF1FF04D4D002DCEA1 /* ChannelVC.swift */; };
		19CBB9C21FF04D5B002DCEA1 /* ChatVC.swift in Sources */ = {isa = PBXBuildFile; fileRef = 19CBB9C11FF04D5B002DCEA1 /* ChatVC.swift */; };
		DF4319B6C4547F54475B9EB6 /* Pods_Smack.framework in Frameworks */ = {isa = PBXBuildFile; fileRef = 20BDBAC75971E147FBA703E1 /* Pods_Smack.framework */; };
/* End PBXBuildFile section */

/* Begin PBXFileReference section */
		190CEEB01FF2C40A00C84447 /* AvatarPickerVC.swift */ = {isa = PBXFileReference; lastKnownFileType = sourcecode.swift; path = AvatarPickerVC.swift; sourceTree = "<group>"; };
		190CEEB21FF2C4B700C84447 /* AvatarCell.swift */ = {isa = PBXFileReference; lastKnownFileType = sourcecode.swift; path = AvatarCell.swift; sourceTree = "<group>"; };
		190CEEB41FF2D8A200C84447 /* CricleImage.swift */ = {isa = PBXFileReference; lastKnownFileType = sourcecode.swift; path = CricleImage.swift; sourceTree = "<group>"; };
		19135A361FF658A5002FD684 /* AddChannelVC.swift */ = {isa = PBXFileReference; lastKnownFileType = sourcecode.swift; path = AddChannelVC.swift; sourceTree = "<group>"; };
		19135A371FF658A5002FD684 /* AddChannelVC.xib */ = {isa = PBXFileReference; lastKnownFileType = file.xib; path = AddChannelVC.xib; sourceTree = "<group>"; };
		19135A3A1FF66B14002FD684 /* SocketService.swift */ = {isa = PBXFileReference; lastKnownFileType = sourcecode.swift; path = SocketService.swift; sourceTree = "<group>"; };
		194312622003E553003C5A09 /* KeyboardBoundView.swift */ = {isa = PBXFileReference; fileEncoding = 4; lastKnownFileType = sourcecode.swift; path = KeyboardBoundView.swift; sourceTree = "<group>"; };
		194312662003F832003C5A09 /* MessageCell.swift */ = {isa = PBXFileReference; lastKnownFileType = sourcecode.swift; path = MessageCell.swift; sourceTree = "<group>"; };
		19671BB51FF4240600ABFC84 /* ProfileVC.swift */ = {isa = PBXFileReference; lastKnownFileType = sourcecode.swift; path = ProfileVC.swift; sourceTree = "<group>"; };
		19671BB61FF4240600ABFC84 /* ProfileVC.xib */ = {isa = PBXFileReference; lastKnownFileType = file.xib; path = ProfileVC.xib; sourceTree = "<group>"; };
		197318E81FF59B6500C9B84D /* MessageService.swift */ = {isa = PBXFileReference; lastKnownFileType = sourcecode.swift; path = MessageService.swift; sourceTree = "<group>"; };
		197318EA1FF59BC700C9B84D /* Channel.swift */ = {isa = PBXFileReference; lastKnownFileType = sourcecode.swift; path = Channel.swift; sourceTree = "<group>"; };
		197318EC1FF5A2B100C9B84D /* ChannelCell.swift */ = {isa = PBXFileReference; lastKnownFileType = sourcecode.swift; path = ChannelCell.swift; sourceTree = "<group>"; };
		19925A621FF1651000F8D5D0 /* AuthService.swift */ = {isa = PBXFileReference; lastKnownFileType = sourcecode.swift; path = AuthService.swift; sourceTree = "<group>"; };
		19925A641FF1702500F8D5D0 /* RoundedButton.swift */ = {isa = PBXFileReference; lastKnownFileType = sourcecode.swift; path = RoundedButton.swift; sourceTree = "<group>"; };
		19925A691FF17E0E00F8D5D0 /* UserDataService.swift */ = {isa = PBXFileReference; lastKnownFileType = sourcecode.swift; path = UserDataService.swift; sourceTree = "<group>"; };
		199E2C571FFA9941005CC3D1 /* Message.swift */ = {isa = PBXFileReference; lastKnownFileType = sourcecode.swift; path = Message.swift; sourceTree = "<group>"; };
		19A6E6171FF052B900DAF9BF /* GradientView.swift */ = {isa = PBXFileReference; lastKnownFileType = sourcecode.swift; path = GradientView.swift; sourceTree = "<group>"; };
		19A6E61A1FF0589C00DAF9BF /* Constants.swift */ = {isa = PBXFileReference; lastKnownFileType = sourcecode.swift; path = Constants.swift; sourceTree = "<group>"; };
		19A6E61C1FF05CE500DAF9BF /* LoginVC.swift */ = {isa = PBXFileReference; lastKnownFileType = sourcecode.swift; path = LoginVC.swift; sourceTree = "<group>"; };
		19A6E61E1FF05E2200DAF9BF /* CreateAccountVC.swift */ = {isa = PBXFileReference; lastKnownFileType = sourcecode.swift; path = CreateAccountVC.swift; sourceTree = "<group>"; };
		19CBB9A21FF046F0002DCEA1 /* Smack.app */ = {isa = PBXFileReference; explicitFileType = wrapper.application; includeInIndex = 0; path = Smack.app; sourceTree = BUILT_PRODUCTS_DIR; };
		19CBB9A51FF046F0002DCEA1 /* AppDelegate.swift */ = {isa = PBXFileReference; lastKnownFileType = sourcecode.swift; path = AppDelegate.swift; sourceTree = "<group>"; };
		19CBB9AA1FF046F1002DCEA1 /* Base */ = {isa = PBXFileReference; lastKnownFileType = file.storyboard; name = Base; path = Base.lproj/Main.storyboard; sourceTree = "<group>"; };
		19CBB9AC1FF046F1002DCEA1 /* Assets.xcassets */ = {isa = PBXFileReference; lastKnownFileType = folder.assetcatalog; path = Assets.xcassets; sourceTree = "<group>"; };
		19CBB9AF1FF046F1002DCEA1 /* Base */ = {isa = PBXFileReference; lastKnownFileType = file.storyboard; name = Base; path = Base.lproj/LaunchScreen.storyboard; sourceTree = "<group>"; };
		19CBB9B11FF046F1002DCEA1 /* Info.plist */ = {isa = PBXFileReference; lastKnownFileType = text.plist.xml; path = Info.plist; sourceTree = "<group>"; };
		19CBB9B81FF04C9B002DCEA1 /* Smack-Bridging-Header.h */ = {isa = PBXFileReference; lastKnownFileType = sourcecode.c.h; path = "Smack-Bridging-Header.h"; sourceTree = "<group>"; };
		19CBB9B91FF04C9C002DCEA1 /* SWRevealViewController.h */ = {isa = PBXFileReference; fileEncoding = 4; lastKnownFileType = sourcecode.c.h; path = SWRevealViewController.h; sourceTree = "<group>"; };
		19CBB9BA1FF04C9C002DCEA1 /* SWRevealViewController.m */ = {isa = PBXFileReference; fileEncoding = 4; lastKnownFileType = sourcecode.c.objc; path = SWRevealViewController.m; sourceTree = "<group>"; };
		19CBB9BF1FF04D4D002DCEA1 /* ChannelVC.swift */ = {isa = PBXFileReference; lastKnownFileType = sourcecode.swift; path = ChannelVC.swift; sourceTree = "<group>"; };
		19CBB9C11FF04D5B002DCEA1 /* ChatVC.swift */ = {isa = PBXFileReference; lastKnownFileType = sourcecode.swift; path = ChatVC.swift; sourceTree = "<group>"; };
		20BDBAC75971E147FBA703E1 /* Pods_Smack.framework */ = {isa = PBXFileReference; explicitFileType = wrapper.framework; includeInIndex = 0; path = Pods_Smack.framework; sourceTree = BUILT_PRODUCTS_DIR; };
		6823308E837E8EC05F6E1E85 /* Pods-Smack.release.xcconfig */ = {isa = PBXFileReference; includeInIndex = 1; lastKnownFileType = text.xcconfig; name = "Pods-Smack.release.xcconfig"; path = "Pods/Target Support Files/Pods-Smack/Pods-Smack.release.xcconfig"; sourceTree = "<group>"; };
		A657DEAB4334446874EB6740 /* Pods-Smack.debug.xcconfig */ = {isa = PBXFileReference; includeInIndex = 1; lastKnownFileType = text.xcconfig; name = "Pods-Smack.debug.xcconfig"; path = "Pods/Target Support Files/Pods-Smack/Pods-Smack.debug.xcconfig"; sourceTree = "<group>"; };
/* End PBXFileReference section */

/* Begin PBXFrameworksBuildPhase section */
		19CBB99F1FF046F0002DCEA1 /* Frameworks */ = {
			isa = PBXFrameworksBuildPhase;
			buildActionMask = 2147483647;
			files = (
				DF4319B6C4547F54475B9EB6 /* Pods_Smack.framework in Frameworks */,
			);
			runOnlyForDeploymentPostprocessing = 0;
		};
/* End PBXFrameworksBuildPhase section */

/* Begin PBXGroup section */
		19671BB41FF41B2C00ABFC84 /* XIBs */ = {
			isa = PBXGroup;
			children = (
				19671BB61FF4240600ABFC84 /* ProfileVC.xib */,
				19135A371FF658A5002FD684 /* AddChannelVC.xib */,
			);
			path = XIBs;
			sourceTree = "<group>";
		};
		19925A611FF164F300F8D5D0 /* Survice */ = {
			isa = PBXGroup;
			children = (
				19925A621FF1651000F8D5D0 /* AuthService.swift */,
				19925A691FF17E0E00F8D5D0 /* UserDataService.swift */,
				197318E81FF59B6500C9B84D /* MessageService.swift */,
				19135A3A1FF66B14002FD684 /* SocketService.swift */,
			);
			path = Survice;
			sourceTree = "<group>";
		};
		19A6E6191FF0587000DAF9BF /* Utilities */ = {
			isa = PBXGroup;
			children = (
				19A6E61A1FF0589C00DAF9BF /* Constants.swift */,
			);
			path = Utilities;
			sourceTree = "<group>";
		};
		19CBB9991FF046F0002DCEA1 = {
			isa = PBXGroup;
			children = (
				19CBB9A41FF046F0002DCEA1 /* Smack */,
				19CBB9A31FF046F0002DCEA1 /* Products */,
				D2457EF52EC98336C9D2D62D /* Pods */,
				6CA322DE09AEDE9D2234545E /* Frameworks */,
			);
			sourceTree = "<group>";
		};
		19CBB9A31FF046F0002DCEA1 /* Products */ = {
			isa = PBXGroup;
			children = (
				19CBB9A21FF046F0002DCEA1 /* Smack.app */,
			);
			name = Products;
			sourceTree = "<group>";
		};
		19CBB9A41FF046F0002DCEA1 /* Smack */ = {
			isa = PBXGroup;
			children = (
				19671BB41FF41B2C00ABFC84 /* XIBs */,
				19925A611FF164F300F8D5D0 /* Survice */,
				19A6E6191FF0587000DAF9BF /* Utilities */,
				19CBB9BD1FF04CFB002DCEA1 /* Model */,
				19CBB9BE1FF04D04002DCEA1 /* View */,
				19CBB9BC1FF04CF3002DCEA1 /* Controller */,
				19CBB9B71FF04C79002DCEA1 /* Supperting File */,
				19CBB9A51FF046F0002DCEA1 /* AppDelegate.swift */,
				19CBB9A91FF046F1002DCEA1 /* Main.storyboard */,
				19CBB9AC1FF046F1002DCEA1 /* Assets.xcassets */,
				19CBB9AE1FF046F1002DCEA1 /* LaunchScreen.storyboard */,
				19CBB9B11FF046F1002DCEA1 /* Info.plist */,
			);
			path = Smack;
			sourceTree = "<group>";
		};
		19CBB9B71FF04C79002DCEA1 /* Supperting File */ = {
			isa = PBXGroup;
			children = (
				19CBB9B91FF04C9C002DCEA1 /* SWRevealViewController.h */,
				19CBB9BA1FF04C9C002DCEA1 /* SWRevealViewController.m */,
				19CBB9B81FF04C9B002DCEA1 /* Smack-Bridging-Header.h */,
			);
			path = "Supperting File";
			sourceTree = "<group>";
		};
		19CBB9BC1FF04CF3002DCEA1 /* Controller */ = {
			isa = PBXGroup;
			children = (
				19CBB9C11FF04D5B002DCEA1 /* ChatVC.swift */,
				19CBB9BF1FF04D4D002DCEA1 /* ChannelVC.swift */,
				19A6E61C1FF05CE500DAF9BF /* LoginVC.swift */,
				19A6E61E1FF05E2200DAF9BF /* CreateAccountVC.swift */,
				190CEEB01FF2C40A00C84447 /* AvatarPickerVC.swift */,
				19671BB51FF4240600ABFC84 /* ProfileVC.swift */,
				19135A361FF658A5002FD684 /* AddChannelVC.swift */,
			);
			path = Controller;
			sourceTree = "<group>";
		};
		19CBB9BD1FF04CFB002DCEA1 /* Model */ = {
			isa = PBXGroup;
			children = (
				197318EA1FF59BC700C9B84D /* Channel.swift */,
				199E2C571FFA9941005CC3D1 /* Message.swift */,
			);
			path = Model;
			sourceTree = "<group>";
		};
		19CBB9BE1FF04D04002DCEA1 /* View */ = {
			isa = PBXGroup;
			children = (
				19A6E6171FF052B900DAF9BF /* GradientView.swift */,
				19925A641FF1702500F8D5D0 /* RoundedButton.swift */,
				190CEEB21FF2C4B700C84447 /* AvatarCell.swift */,
				190CEEB41FF2D8A200C84447 /* CricleImage.swift */,
				197318EC1FF5A2B100C9B84D /* ChannelCell.swift */,
				194312622003E553003C5A09 /* KeyboardBoundView.swift */,
				194312662003F832003C5A09 /* MessageCell.swift */,
			);
			path = View;
			sourceTree = "<group>";
		};
		6CA322DE09AEDE9D2234545E /* Frameworks */ = {
			isa = PBXGroup;
			children = (
				20BDBAC75971E147FBA703E1 /* Pods_Smack.framework */,
			);
			name = Frameworks;
			sourceTree = "<group>";
		};
		D2457EF52EC98336C9D2D62D /* Pods */ = {
			isa = PBXGroup;
			children = (
				A657DEAB4334446874EB6740 /* Pods-Smack.debug.xcconfig */,
				6823308E837E8EC05F6E1E85 /* Pods-Smack.release.xcconfig */,
			);
			name = Pods;
			sourceTree = "<group>";
		};
/* End PBXGroup section */

/* Begin PBXNativeTarget section */
		19CBB9A11FF046F0002DCEA1 /* Smack */ = {
			isa = PBXNativeTarget;
			buildConfigurationList = 19CBB9B41FF046F1002DCEA1 /* Build configuration list for PBXNativeTarget "Smack" */;
			buildPhases = (
				E88F3FBFBEC0E81C94FCE3F1 /* [CP] Check Pods Manifest.lock */,
				19CBB99E1FF046F0002DCEA1 /* Sources */,
				19CBB99F1FF046F0002DCEA1 /* Frameworks */,
				19CBB9A01FF046F0002DCEA1 /* Resources */,
				EA5700E55E147C85EFF7B828 /* [CP] Embed Pods Frameworks */,
				4514B09EB3776BFCB256FF28 /* [CP] Copy Pods Resources */,
			);
			buildRules = (
			);
			dependencies = (
			);
			name = Smack;
			productName = Smack;
			productReference = 19CBB9A21FF046F0002DCEA1 /* Smack.app */;
			productType = "com.apple.product-type.application";
		};
/* End PBXNativeTarget section */

/* Begin PBXProject section */
		19CBB99A1FF046F0002DCEA1 /* Project object */ = {
			isa = PBXProject;
			attributes = {
				LastSwiftUpdateCheck = 0920;
				LastUpgradeCheck = 0920;
				ORGANIZATIONNAME = "Ahmed Dsoky";
				TargetAttributes = {
					19CBB9A11FF046F0002DCEA1 = {
						CreatedOnToolsVersion = 9.2;
						LastSwiftMigration = 0920;
						ProvisioningStyle = Automatic;
					};
				};
			};
			buildConfigurationList = 19CBB99D1FF046F0002DCEA1 /* Build configuration list for PBXProject "Smack" */;
			compatibilityVersion = "Xcode 8.0";
			developmentRegion = en;
			hasScannedForEncodings = 0;
			knownRegions = (
				en,
				Base,
			);
			mainGroup = 19CBB9991FF046F0002DCEA1;
			productRefGroup = 19CBB9A31FF046F0002DCEA1 /* Products */;
			projectDirPath = "";
			projectRoot = "";
			targets = (
				19CBB9A11FF046F0002DCEA1 /* Smack */,
			);
		};
/* End PBXProject section */

/* Begin PBXResourcesBuildPhase section */
		19CBB9A01FF046F0002DCEA1 /* Resources */ = {
			isa = PBXResourcesBuildPhase;
			buildActionMask = 2147483647;
			files = (
				19135A391FF658A5002FD684 /* AddChannelVC.xib in Resources */,
				19671BB81FF4240600ABFC84 /* ProfileVC.xib in Resources */,
				19CBB9B01FF046F1002DCEA1 /* LaunchScreen.storyboard in Resources */,
				19CBB9AD1FF046F1002DCEA1 /* Assets.xcassets in Resources */,
				19CBB9AB1FF046F1002DCEA1 /* Main.storyboard in Resources */,
			);
			runOnlyForDeploymentPostprocessing = 0;
		};
/* End PBXResourcesBuildPhase section */

/* Begin PBXShellScriptBuildPhase section */
		4514B09EB3776BFCB256FF28 /* [CP] Copy Pods Resources */ = {
			isa = PBXShellScriptBuildPhase;
			buildActionMask = 2147483647;
			files = (
			);
			inputPaths = (
			);
			name = "[CP] Copy Pods Resources";
			outputPaths = (
			);
			runOnlyForDeploymentPostprocessing = 0;
			shellPath = /bin/sh;
			shellScript = "\"${SRCROOT}/Pods/Target Support Files/Pods-Smack/Pods-Smack-resources.sh\"\n";
			showEnvVarsInLog = 0;
		};
		E88F3FBFBEC0E81C94FCE3F1 /* [CP] Check Pods Manifest.lock */ = {
			isa = PBXShellScriptBuildPhase;
			buildActionMask = 2147483647;
			files = (
			);
			inputPaths = (
			);
			name = "[CP] Check Pods Manifest.lock";
			outputPaths = (
			);
			runOnlyForDeploymentPostprocessing = 0;
			shellPath = /bin/sh;
			shellScript = "diff \"${PODS_ROOT}/../Podfile.lock\" \"${PODS_ROOT}/Manifest.lock\" > /dev/null\nif [ $? != 0 ] ; then\n    # print error to STDERR\n    echo \"error: The sandbox is not in sync with the Podfile.lock. Run 'pod install' or update your CocoaPods installation.\" >&2\n    exit 1\nfi\n";
			showEnvVarsInLog = 0;
		};
		EA5700E55E147C85EFF7B828 /* [CP] Embed Pods Frameworks */ = {
			isa = PBXShellScriptBuildPhase;
			buildActionMask = 2147483647;
			files = (
			);
			inputPaths = (
			);
			name = "[CP] Embed Pods Frameworks";
			outputPaths = (
			);
			runOnlyForDeploymentPostprocessing = 0;
			shellPath = /bin/sh;
			shellScript = "\"${SRCROOT}/Pods/Target Support Files/Pods-Smack/Pods-Smack-frameworks.sh\"\n";
			showEnvVarsInLog = 0;
		};
/* End PBXShellScriptBuildPhase section */

/* Begin PBXSourcesBuildPhase section */
		19CBB99E1FF046F0002DCEA1 /* Sources */ = {
			isa = PBXSourcesBuildPhase;
			buildActionMask = 2147483647;
			files = (
				194312632003E553003C5A09 /* KeyboardBoundView.swift in Sources */,
				19135A3B1FF66B14002FD684 /* SocketService.swift in Sources */,
				19671BB71FF4240600ABFC84 /* ProfileVC.swift in Sources */,
				197318ED1FF5A2B100C9B84D /* ChannelCell.swift in Sources */,
				19CBB9C21FF04D5B002DCEA1 /* ChatVC.swift in Sources */,
				190CEEB11FF2C40A00C84447 /* AvatarPickerVC.swift in Sources */,
				194312672003F832003C5A09 /* MessageCell.swift in Sources */,
				19925A651FF1702500F8D5D0 /* RoundedButton.swift in Sources */,
				199E2C581FFA9941005CC3D1 /* Message.swift in Sources */,
				197318EB1FF59BC700C9B84D /* Channel.swift in Sources */,
				19CBB9A61FF046F0002DCEA1 /* AppDelegate.swift in Sources */,
				197318E91FF59B6500C9B84D /* MessageService.swift in Sources */,
				19925A6A1FF17E0E00F8D5D0 /* UserDataService.swift in Sources */,
				19A6E61F1FF05E2200DAF9BF /* CreateAccountVC.swift in Sources */,
				19925A631FF1651000F8D5D0 /* AuthService.swift in Sources */,
				19A6E61D1FF05CE500DAF9BF /* LoginVC.swift in Sources */,
				19A6E6181FF052B900DAF9BF /* GradientView.swift in Sources */,
				19135A381FF658A5002FD684 /* AddChannelVC.swift in Sources */,
				190CEEB31FF2C4B700C84447 /* AvatarCell.swift in Sources */,
				19CBB9C01FF04D4D002DCEA1 /* ChannelVC.swift in Sources */,
				19CBB9BB1FF04C9C002DCEA1 /* SWRevealViewController.m in Sources */,
				19A6E61B1FF0589C00DAF9BF /* Constants.swift in Sources */,
				190CEEB51FF2D8A200C84447 /* CricleImage.swift in Sources */,
			);
			runOnlyForDeploymentPostprocessing = 0;
		};
/* End PBXSourcesBuildPhase section */

/* Begin PBXVariantGroup section */
		19CBB9A91FF046F1002DCEA1 /* Main.storyboard */ = {
			isa = PBXVariantGroup;
			children = (
				19CBB9AA1FF046F1002DCEA1 /* Base */,
			);
			name = Main.storyboard;
			sourceTree = "<group>";
		};
		19CBB9AE1FF046F1002DCEA1 /* LaunchScreen.storyboard */ = {
			isa = PBXVariantGroup;
			children = (
				19CBB9AF1FF046F1002DCEA1 /* Base */,
			);
			name = LaunchScreen.storyboard;
			sourceTree = "<group>";
		};
/* End PBXVariantGroup section */

/* Begin XCBuildConfiguration section */
		19CBB9B21FF046F1002DCEA1 /* Debug */ = {
			isa = XCBuildConfiguration;
			buildSettings = {
				ALWAYS_SEARCH_USER_PATHS = NO;
				CLANG_ANALYZER_NONNULL = YES;
				CLANG_ANALYZER_NUMBER_OBJECT_CONVERSION = YES_AGGRESSIVE;
				CLANG_CXX_LANGUAGE_STANDARD = "gnu++14";
				CLANG_CXX_LIBRARY = "libc++";
				CLANG_ENABLE_MODULES = YES;
				CLANG_ENABLE_OBJC_ARC = YES;
				CLANG_WARN_BLOCK_CAPTURE_AUTORELEASING = YES;
				CLANG_WARN_BOOL_CONVERSION = YES;
				CLANG_WARN_COMMA = YES;
				CLANG_WARN_CONSTANT_CONVERSION = YES;
				CLANG_WARN_DIRECT_OBJC_ISA_USAGE = YES_ERROR;
				CLANG_WARN_DOCUMENTATION_COMMENTS = YES;
				CLANG_WARN_EMPTY_BODY = YES;
				CLANG_WARN_ENUM_CONVERSION = YES;
				CLANG_WARN_INFINITE_RECURSION = YES;
				CLANG_WARN_INT_CONVERSION = YES;
				CLANG_WARN_NON_LITERAL_NULL_CONVERSION = YES;
				CLANG_WARN_OBJC_LITERAL_CONVERSION = YES;
				CLANG_WARN_OBJC_ROOT_CLASS = YES_ERROR;
				CLANG_WARN_RANGE_LOOP_ANALYSIS = YES;
				CLANG_WARN_STRICT_PROTOTYPES = YES;
				CLANG_WARN_SUSPICIOUS_MOVE = YES;
				CLANG_WARN_UNGUARDED_AVAILABILITY = YES_AGGRESSIVE;
				CLANG_WARN_UNREACHABLE_CODE = YES;
				CLANG_WARN__DUPLICATE_METHOD_MATCH = YES;
				CODE_SIGN_IDENTITY = "iPhone Developer";
				COPY_PHASE_STRIP = NO;
				DEBUG_INFORMATION_FORMAT = dwarf;
				ENABLE_STRICT_OBJC_MSGSEND = YES;
				ENABLE_TESTABILITY = YES;
				GCC_C_LANGUAGE_STANDARD = gnu11;
				GCC_DYNAMIC_NO_PIC = NO;
				GCC_NO_COMMON_BLOCKS = YES;
				GCC_OPTIMIZATION_LEVEL = 0;
				GCC_PREPROCESSOR_DEFINITIONS = (
					"DEBUG=1",
					"$(inherited)",
				);
				GCC_WARN_64_TO_32_BIT_CONVERSION = YES;
				GCC_WARN_ABOUT_RETURN_TYPE = YES_ERROR;
				GCC_WARN_UNDECLARED_SELECTOR = YES;
				GCC_WARN_UNINITIALIZED_AUTOS = YES_AGGRESSIVE;
				GCC_WARN_UNUSED_FUNCTION = YES;
				GCC_WARN_UNUSED_VARIABLE = YES;
				IPHONEOS_DEPLOYMENT_TARGET = 11.2;
				MTL_ENABLE_DEBUG_INFO = YES;
				ONLY_ACTIVE_ARCH = YES;
				SDKROOT = iphoneos;
				SWIFT_ACTIVE_COMPILATION_CONDITIONS = DEBUG;
				SWIFT_OPTIMIZATION_LEVEL = "-Onone";
			};
			name = Debug;
		};
		19CBB9B31FF046F1002DCEA1 /* Release */ = {
			isa = XCBuildConfiguration;
			buildSettings = {
				ALWAYS_SEARCH_USER_PATHS = NO;
				CLANG_ANALYZER_NONNULL = YES;
				CLANG_ANALYZER_NUMBER_OBJECT_CONVERSION = YES_AGGRESSIVE;
				CLANG_CXX_LANGUAGE_STANDARD = "gnu++14";
				CLANG_CXX_LIBRARY = "libc++";
				CLANG_ENABLE_MODULES = YES;
				CLANG_ENABLE_OBJC_ARC = YES;
				CLANG_WARN_BLOCK_CAPTURE_AUTORELEASING = YES;
				CLANG_WARN_BOOL_CONVERSION = YES;
				CLANG_WARN_COMMA = YES;
				CLANG_WARN_CONSTANT_CONVERSION = YES;
				CLANG_WARN_DIRECT_OBJC_ISA_USAGE = YES_ERROR;
				CLANG_WARN_DOCUMENTATION_COMMENTS = YES;
				CLANG_WARN_EMPTY_BODY = YES;
				CLANG_WARN_ENUM_CONVERSION = YES;
				CLANG_WARN_INFINITE_RECURSION = YES;
				CLANG_WARN_INT_CONVERSION = YES;
				CLANG_WARN_NON_LITERAL_NULL_CONVERSION = YES;
				CLANG_WARN_OBJC_LITERAL_CONVERSION = YES;
				CLANG_WARN_OBJC_ROOT_CLASS = YES_ERROR;
				CLANG_WARN_RANGE_LOOP_ANALYSIS = YES;
				CLANG_WARN_STRICT_PROTOTYPES = YES;
				CLANG_WARN_SUSPICIOUS_MOVE = YES;
				CLANG_WARN_UNGUARDED_AVAILABILITY = YES_AGGRESSIVE;
				CLANG_WARN_UNREACHABLE_CODE = YES;
				CLANG_WARN__DUPLICATE_METHOD_MATCH = YES;
				CODE_SIGN_IDENTITY = "iPhone Developer";
				COPY_PHASE_STRIP = NO;
				DEBUG_INFORMATION_FORMAT = "dwarf-with-dsym";
				ENABLE_NS_ASSERTIONS = NO;
				ENABLE_STRICT_OBJC_MSGSEND = YES;
				GCC_C_LANGUAGE_STANDARD = gnu11;
				GCC_NO_COMMON_BLOCKS = YES;
				GCC_WARN_64_TO_32_BIT_CONVERSION = YES;
				GCC_WARN_ABOUT_RETURN_TYPE = YES_ERROR;
				GCC_WARN_UNDECLARED_SELECTOR = YES;
				GCC_WARN_UNINITIALIZED_AUTOS = YES_AGGRESSIVE;
				GCC_WARN_UNUSED_FUNCTION = YES;
				GCC_WARN_UNUSED_VARIABLE = YES;
				IPHONEOS_DEPLOYMENT_TARGET = 11.2;
				MTL_ENABLE_DEBUG_INFO = NO;
				SDKROOT = iphoneos;
				SWIFT_OPTIMIZATION_LEVEL = "-Owholemodule";
				VALIDATE_PRODUCT = YES;
			};
			name = Release;
		};
		19CBB9B51FF046F1002DCEA1 /* Debug */ = {
			isa = XCBuildConfiguration;
			baseConfigurationReference = A657DEAB4334446874EB6740 /* Pods-Smack.debug.xcconfig */;
			buildSettings = {
				ASSETCATALOG_COMPILER_APPICON_NAME = AppIcon;
				CLANG_ENABLE_MODULES = YES;
				CODE_SIGN_STYLE = Automatic;
				DEVELOPMENT_TEAM = 24AKBXZ6CV;
				INFOPLIST_FILE = Smack/Info.plist;
				IPHONEOS_DEPLOYMENT_TARGET = 11.2;
				LD_RUNPATH_SEARCH_PATHS = "$(inherited) @executable_path/Frameworks";
				PRODUCT_BUNDLE_IDENTIFIER = com.AhmedDsoky.Smack;
				PRODUCT_NAME = "$(TARGET_NAME)";
				SWIFT_OBJC_BRIDGING_HEADER = "Smack/Supperting File/Smack-Bridging-Header.h";
				SWIFT_OPTIMIZATION_LEVEL = "-Onone";
				SWIFT_VERSION = 4.0;
				TARGETED_DEVICE_FAMILY = "1,2";
			};
			name = Debug;
		};
		19CBB9B61FF046F1002DCEA1 /* Release */ = {
			isa = XCBuildConfiguration;
			baseConfigurationReference = 6823308E837E8EC05F6E1E85 /* Pods-Smack.release.xcconfig */;
			buildSettings = {
				ASSETCATALOG_COMPILER_APPICON_NAME = AppIcon;
				CLANG_ENABLE_MODULES = YES;
				CODE_SIGN_STYLE = Automatic;
				DEVELOPMENT_TEAM = 24AKBXZ6CV;
				INFOPLIST_FILE = Smack/Info.plist;
				IPHONEOS_DEPLOYMENT_TARGET = 11.2;
				LD_RUNPATH_SEARCH_PATHS = "$(inherited) @executable_path/Frameworks";
				PRODUCT_BUNDLE_IDENTIFIER = com.AhmedDsoky.Smack;
				PRODUCT_NAME = "$(TARGET_NAME)";
				SWIFT_OBJC_BRIDGING_HEADER = "Smack/Supperting File/Smack-Bridging-Header.h";
				SWIFT_VERSION = 4.0;
				TARGETED_DEVICE_FAMILY = "1,2";
			};
			name = Release;
		};
/* End XCBuildConfiguration section */

/* Begin XCConfigurationList section */
		19CBB99D1FF046F0002DCEA1 /* Build configuration list for PBXProject "Smack" */ = {
			isa = XCConfigurationList;
			buildConfigurations = (
				19CBB9B21FF046F1002DCEA1 /* Debug */,
				19CBB9B31FF046F1002DCEA1 /* Release */,
			);
			defaultConfigurationIsVisible = 0;
			defaultConfigurationName = Release;
		};
		19CBB9B41FF046F1002DCEA1 /* Build configuration list for PBXNativeTarget "Smack" */ = {
			isa = XCConfigurationList;
			buildConfigurations = (
				19CBB9B51FF046F1002DCEA1 /* Debug */,
				19CBB9B61FF046F1002DCEA1 /* Release */,
			);
			defaultConfigurationIsVisible = 0;
			defaultConfigurationName = Release;
		};
/* End XCConfigurationList section */
	};
	rootObject = 19CBB99A1FF046F0002DCEA1 /* Project object */;
}
